
Microsoft Visual Studio Solution File, Format Version 12.00
# Visual Studio Version 16
VisualStudioVersion = 16.0.31515.178
MinimumVisualStudioVersion = 10.0.40219.1
Project("{888888A0-9F3D-457C-B088-3A5042F75D52}") = "PROJECT PHASE 2", "PROJECT PHASE 2.pyproj", "{8E7464E0-014B-446F-8DB9-667195101E01}"
EndProject
Global
	GlobalSection(SolutionConfigurationPlatforms) = preSolution
		Debug|Any CPU = Debug|Any CPU
		Release|Any CPU = Release|Any CPU
	EndGlobalSection
	GlobalSection(ProjectConfigurationPlatforms) = postSolution
		{8E7464E0-014B-446F-8DB9-667195101E01}.Debug|Any CPU.ActiveCfg = Debug|Any CPU
		{8E7464E0-014B-446F-8DB9-667195101E01}.Release|Any CPU.ActiveCfg = Release|Any CPU
	EndGlobalSection
	GlobalSection(SolutionProperties) = preSolution
		HideSolutionNode = FALSE
	EndGlobalSection
	GlobalSection(ExtensibilityGlobals) = postSolution
		SolutionGuid = {7EBAFAA5-0FE1-4159-A2E9-D58492DED860}
	EndGlobalSection
EndGlobal
